
Microsoft Visual Studio Solution File, Format Version 12.00
# Visual Studio Version 17
VisualStudioVersion = 17.8.34316.72
MinimumVisualStudioVersion = 10.0.40219.1
Project("{FAE04EC0-301F-11D3-BF4B-00C04F79EFBC}") = "UpdateTrucks", "UpdateTrucks\UpdateTrucks.csproj", "{08DCC01B-CC28-4C4E-833C-69708DB58B89}"
EndProject
Global
	GlobalSection(SolutionConfigurationPlatforms) = preSolution
		Debug|Any CPU = Debug|Any CPU
		Release|Any CPU = Release|Any CPU
	EndGlobalSection
	GlobalSection(ProjectConfigurationPlatforms) = postSolution
		{08DCC01B-CC28-4C4E-833C-69708DB58B89}.Debug|Any CPU.ActiveCfg = Debug|Any CPU
		{08DCC01B-CC28-4C4E-833C-69708DB58B89}.Debug|Any CPU.Build.0 = Debug|Any CPU
		{08DCC01B-CC28-4C4E-833C-69708DB58B89}.Release|Any CPU.ActiveCfg = Release|Any CPU
		{08DCC01B-CC28-4C4E-833C-69708DB58B89}.Release|Any CPU.Build.0 = Release|Any CPU
	EndGlobalSection
	GlobalSection(SolutionProperties) = preSolution
		HideSolutionNode = FALSE
	EndGlobalSection
	GlobalSection(ExtensibilityGlobals) = postSolution
		SolutionGuid = {C7DBA873-D933-462B-986F-0E928AC5E405}
	EndGlobalSection
EndGlobal
